# THIS IS AN AUTOGENERATED FILE. DO NOT EDIT THIS FILE DIRECTLY.
# yarn lockfile v1


"@azure/msal-common@^7.4.1":
  "integrity" "sha512-zxcxg9pRdgGTS5mrRJeQvwA8aIjD8qSGzaAiz5SeTVkyhtjB0AeFnAcvBOKHv/TkswWNfYKpERxsXOAKXkXk0w=="
  "resolved" "https://registry.npmjs.org/@azure/msal-common/-/msal-common-7.4.1.tgz"
  "version" "7.4.1"

"@azure/msal-node@^1.1.0":
  "integrity" "sha512-3XB7FuHLhmGBjw7bxuz1LCHOXQgmNIO3J56tlbOjuJcyJtd4aBCgnYIXNKLed3uRcQNHEO0mlg24I4iGxAV/UA=="
  "resolved" "https://registry.npmjs.org/@azure/msal-node/-/msal-node-1.14.0.tgz"
  "version" "1.14.0"
  dependencies:
    "@azure/msal-common" "^7.4.1"
    "jsonwebtoken" "^8.5.1"
    "uuid" "^8.3.0"

"@discordjs/builders@^0.16.0":
  "integrity" "sha512-9/NCiZrLivgRub2/kBc0Vm5pMBE5AUdYbdXsLu/yg9ANgvnaJ0bZKTY8yYnLbsEc/LYUP79lEIdC73qEYhWq7A=="
  "resolved" "https://registry.npmjs.org/@discordjs/builders/-/builders-0.16.0.tgz"
  "version" "0.16.0"
  dependencies:
    "@sapphire/shapeshift" "^3.5.1"
    "discord-api-types" "^0.36.2"
    "fast-deep-equal" "^3.1.3"
    "ts-mixer" "^6.0.1"
    "tslib" "^2.4.0"

"@discordjs/collection@^0.7.0":
  "integrity" "sha512-R5i8Wb8kIcBAFEPLLf7LVBQKBDYUL+ekb23sOgpkpyGT+V4P7V83wTxcsqmX+PbqHt4cEHn053uMWfRqh/Z/nA=="
  "resolved" "https://registry.npmjs.org/@discordjs/collection/-/collection-0.7.0.tgz"
  "version" "0.7.0"

"@sapphire/async-queue@^1.5.0":
  "integrity" "sha512-JkLdIsP8fPAdh9ZZjrbHWR/+mZj0wvKS5ICibcLrRI1j84UmLMshx5n9QmL8b95d4onJ2xxiyugTgSAX7AalmA=="
  "resolved" "https://registry.npmjs.org/@sapphire/async-queue/-/async-queue-1.5.0.tgz"
  "version" "1.5.0"

"@sapphire/shapeshift@^3.5.1":
  "integrity" "sha512-tu2WLRdo5wotHRvsCkspg3qMiP6ETC3Q1dns1Q5V6zKUki+1itq6AbhMwohF9ZcLoYqg+Y8LkgRRtVxxTQVTBQ=="
  "resolved" "https://registry.npmjs.org/@sapphire/shapeshift/-/shapeshift-3.6.0.tgz"
  "version" "3.6.0"
  dependencies:
    "fast-deep-equal" "^3.1.3"
    "lodash.uniqwith" "^4.5.0"

"@types/node-fetch@^2.6.2":
  "integrity" "sha512-DHqhlq5jeESLy19TYhLakJ07kNumXWjcDdxXsLUMJZ6ue8VZJj4kLPQVE/2mdHh3xZziNF1xppu5lwmS53HR+A=="
  "resolved" "https://registry.npmjs.org/@types/node-fetch/-/node-fetch-2.6.2.tgz"
  "version" "2.6.2"
  dependencies:
    "@types/node" "*"
    "form-data" "^3.0.0"

"@types/node@*":
  "integrity" "sha512-m+6nTEOadJZuTPkKR/SYK3A2d7FZrgElol9UP1Kae90VVU4a6mxnPuLiIW1m4Cq4gZ/nWb9GrdVXJCoCazDAbg=="
  "resolved" "https://registry.npmjs.org/@types/node/-/node-18.7.18.tgz"
  "version" "18.7.18"

"@types/readable-stream@^2.3.13":
  "integrity" "sha512-8jQ5Mp7bsDJEnW/69i6nAaQMoLwAVJVc7ZRAVTrdh/o6XueQsX38TEvKuYyoQj76/mg7WdlRfMrtl9pDLCJWsg=="
  "resolved" "https://registry.npmjs.org/@types/readable-stream/-/readable-stream-2.3.14.tgz"
  "version" "2.3.14"
  dependencies:
    "@types/node" "*"
    "safe-buffer" "*"

"@types/ws@^8.5.3":
  "integrity" "sha512-6YOoWjruKj1uLf3INHH7D3qTXwFfEsg1kf3c0uDdSBJwfa/llkwIjrAGV7j7mVgGNbzTQ3HiHKKDXl6bJPD97w=="
  "resolved" "https://registry.npmjs.org/@types/ws/-/ws-8.5.3.tgz"
  "version" "8.5.3"
  dependencies:
    "@types/node" "*"

"@xboxreplay/errors@^0.1.0":
  "integrity" "sha512-Tgz1d/OIPDWPeyOvuL5+aai5VCcqObhPnlI3skQuf80GVF3k1I0lPCnGC+8Cm5PV9aLBT5m8qPcJoIUQ2U4y9g=="
  "resolved" "https://registry.npmjs.org/@xboxreplay/errors/-/errors-0.1.0.tgz"
  "version" "0.1.0"

"@xboxreplay/xboxlive-auth@^3.3.3":
  "integrity" "sha512-j0AU8pW10LM8O68CTZ5QHnvOjSsnPICy0oQcP7zyM7eWkDQ/InkiQiirQKsPn1XRYDl4ccNu0WM582s3UKwcBg=="
  "resolved" "https://registry.npmjs.org/@xboxreplay/xboxlive-auth/-/xboxlive-auth-3.3.3.tgz"
  "version" "3.3.3"
  dependencies:
    "@xboxreplay/errors" "^0.1.0"
    "axios" "^0.21.1"

"abbrev@1":
  "integrity" "sha512-nne9/IiQ/hzIhY6pdDnbBtz7DjPTKrY00P/zvPSm5pOFkl6xuGrGnXn/VtTNNfNtAfZ9/1RtehkszU9qcTii0Q=="
  "resolved" "https://registry.npmjs.org/abbrev/-/abbrev-1.1.1.tgz"
  "version" "1.1.1"

"abort-controller@^3.0.0":
  "integrity" "sha512-h8lQ8tacZYnR3vNQTgibj+tODHI5/+l06Au2Pcriv/Gmet0eaj4TwWH41sO9wnHDiQsEj19q0drzdWdeAHtweg=="
  "resolved" "https://registry.npmjs.org/abort-controller/-/abort-controller-3.0.0.tgz"
  "version" "3.0.0"
  dependencies:
    "event-target-shim" "^5.0.0"

"aes-js@^3.1.2":
  "integrity" "sha512-e5pEa2kBnBOgR4Y/p20pskXI74UEz7de8ZGVo58asOtvSVG5YAbJeELPZxOmt+Bnz3rX753YKhfIn4X4l1PPRQ=="
  "resolved" "https://registry.npmjs.org/aes-js/-/aes-js-3.1.2.tgz"
  "version" "3.1.2"

"ajv@^6.5.4":
  "integrity" "sha512-j3fVLgvTo527anyYyJOGTYJbG+vnnQYvE0m5mmkc1TK+nxAppkCLMIL0aZ4dblVCNoGShhm+kzE4ZUykBoMg4g=="
  "resolved" "https://registry.npmjs.org/ajv/-/ajv-6.12.6.tgz"
  "version" "6.12.6"
  dependencies:
    "fast-deep-equal" "^3.1.1"
    "fast-json-stable-stringify" "^2.0.0"
    "json-schema-traverse" "^0.4.1"
    "uri-js" "^4.2.2"

"anymatch@~3.1.2":
  "integrity" "sha512-P43ePfOAIupkguHUycrc4qJ9kz8ZiuOUijaETwX7THt0Y/GNK7v0aa8rY816xWjZ7rJdA5XdMcpVFTKMq+RvWg=="
  "resolved" "https://registry.npmjs.org/anymatch/-/anymatch-3.1.2.tgz"
  "version" "3.1.2"
  dependencies:
    "normalize-path" "^3.0.0"
    "picomatch" "^2.0.4"

"asn1@0.2.3":
  "integrity" "sha512-6i37w/+EhlWlGUJff3T/Q8u1RGmP5wgbiwYnOnbOqvtrPxT63/sYFyP9RcpxtxGymtfA075IvmOnL7ycNOWl3w=="
  "resolved" "https://registry.npmjs.org/asn1/-/asn1-0.2.3.tgz"
  "version" "0.2.3"

"asynckit@^0.4.0":
  "integrity" "sha512-Oei9OH4tRh0YqU3GxhX79dM/mwVgvbZJaSNaRk+bshkj0S5cfHcgYakreBjrHwatXKbz+IoIdYLxrKim2MjW0Q=="
  "resolved" "https://registry.npmjs.org/asynckit/-/asynckit-0.4.0.tgz"
  "version" "0.4.0"

"axios@^0.21.1":
  "integrity" "sha512-ut5vewkiu8jjGBdqpM44XxjuCjq9LAKeHVmoVfHVzy8eHgxxq8SbAVQNovDA8mVi05kP0Ea/n/UzcSHcTJQfNg=="
  "resolved" "https://registry.npmjs.org/axios/-/axios-0.21.4.tgz"
  "version" "0.21.4"
  dependencies:
    "follow-redirects" "^1.14.0"

"balanced-match@^1.0.0":
  "integrity" "sha512-3oSeUO0TMV67hN1AmbXsK4yaqU7tjiHlbxRDZOpH0KW9+CeX4bRAaX0Anxt0tx2MrpRpWwQaPwIlISEJhYU5Pw=="
  "resolved" "https://registry.npmjs.org/balanced-match/-/balanced-match-1.0.2.tgz"
  "version" "1.0.2"

"binary-extensions@^2.0.0":
  "integrity" "sha512-jDctJ/IVQbZoJykoeHbhXpOlNBqGNcwXJKJog42E5HDPUwQTSdjCHdihjj0DlnheQ7blbT6dHOafNAiS8ooQKA=="
  "resolved" "https://registry.npmjs.org/binary-extensions/-/binary-extensions-2.2.0.tgz"
  "version" "2.2.0"

"brace-expansion@^1.1.7":
  "integrity" "sha512-iCuPHDFgrHX7H2vEI/5xpz07zSHB00TpugqhmYtVmMO6518mCuRMoOYFldEBl0g187ufozdaHgWKcYFb61qGiA=="
  "resolved" "https://registry.npmjs.org/brace-expansion/-/brace-expansion-1.1.11.tgz"
  "version" "1.1.11"
  dependencies:
    "balanced-match" "^1.0.0"
    "concat-map" "0.0.1"

"braces@~3.0.2":
  "integrity" "sha512-b8um+L1RzM3WDSzvhm6gIz1yfTbBt6YTlcEKAvsmqCZZFw46z626lVj9j1yEPW33H5H+lBQpZMP1k8l+78Ha0A=="
  "resolved" "https://registry.npmjs.org/braces/-/braces-3.0.2.tgz"
  "version" "3.0.2"
  dependencies:
    "fill-range" "^7.0.1"

"buffer-equal-constant-time@1.0.1":
  "integrity" "sha512-zRpUiDwd/xk6ADqPMATG8vc9VPrkck7T07OIx0gnjmJAnHnTVXNQG3vfvWNuiZIkwu9KrKdA1iJKfsfTVxE6NA=="
  "resolved" "https://registry.npmjs.org/buffer-equal-constant-time/-/buffer-equal-constant-time-1.0.1.tgz"
  "version" "1.0.1"

"buffer-equal@^1.0.0":
  "integrity" "sha512-tcBWO2Dl4e7Asr9hTGcpVrCe+F7DubpmqWCTbj4FHLmjqO2hIaC383acQubWtRJhdceqs5uBHs6Es+Sk//RKiQ=="
  "resolved" "https://registry.npmjs.org/buffer-equal/-/buffer-equal-1.0.0.tgz"
  "version" "1.0.0"

"chokidar@^3.5.2":
  "integrity" "sha512-Dr3sfKRP6oTcjf2JmUmFJfeVMvXBdegxB0iVQ5eb2V10uFJUCAS8OByZdVAyVb8xXNz3GjjTgj9kLWsZTqE6kw=="
  "resolved" "https://registry.npmjs.org/chokidar/-/chokidar-3.5.3.tgz"
  "version" "3.5.3"
  dependencies:
    "anymatch" "~3.1.2"
    "braces" "~3.0.2"
    "glob-parent" "~5.1.2"
    "is-binary-path" "~2.1.0"
    "is-glob" "~4.0.1"
    "normalize-path" "~3.0.0"
    "readdirp" "~3.6.0"
  optionalDependencies:
    "fsevents" "~2.3.2"

"combined-stream@^1.0.8":
  "integrity" "sha512-FQN4MRfuJeHf7cBbBMJFXhKSDq+2kAArBlmRBvcvFE5BB1HZKXtSFASDhdlz9zOYwxh8lDdnvmMOe/+5cdoEdg=="
  "resolved" "https://registry.npmjs.org/combined-stream/-/combined-stream-1.0.8.tgz"
  "version" "1.0.8"
  dependencies:
    "delayed-stream" "~1.0.0"

"commander@^2.19.0":
  "integrity" "sha512-GpVkmM8vF2vQUkj2LvZmD35JxeJOLCwJ9cUkugyk2nuhbv3+mJvpLYYt+0+USMxE+oj+ey/lJEnhZw75x/OMcQ=="
  "resolved" "https://registry.npmjs.org/commander/-/commander-2.20.3.tgz"
  "version" "2.20.3"

"concat-map@0.0.1":
  "integrity" "sha512-/Srv4dswyQNBfohGpz9o6Yb3Gz3SrUDqBH5rTuhGR7ahtlbYKnVxw2bCFMRljaA7EXHaXZ8wsHdodFvbkhKmqg=="
  "resolved" "https://registry.npmjs.org/concat-map/-/concat-map-0.0.1.tgz"
  "version" "0.0.1"

"debug@^3.2.7":
  "integrity" "sha512-CFjzYYAi4ThfiQvizrFQevTTXHtnCqWfe7x1AhgEscTz6ZbLbfoLRLPugTQyBth6f8ZERVUSyWHFD/7Wu4t1XQ=="
  "resolved" "https://registry.npmjs.org/debug/-/debug-3.2.7.tgz"
  "version" "3.2.7"
  dependencies:
    "ms" "^2.1.1"

"debug@^4.3.2", "debug@^4.3.3":
  "integrity" "sha512-PRWFHuSU3eDtQJPvnNY7Jcket1j0t5OuOsFzPPzsekD52Zl8qUfFIPEiswXqIvHWGVHOgX+7G/vCNNhehwxfkQ=="
  "resolved" "https://registry.npmjs.org/debug/-/debug-4.3.4.tgz"
  "version" "4.3.4"
  dependencies:
    "ms" "2.1.2"

"delayed-stream@~1.0.0":
  "integrity" "sha512-ZySD7Nf91aLB0RxL4KGrKHBXl7Eds1DAmEdcoVawXnLD7SDhpNgtuII2aAkg7a7QS41jxPSZ17p4VdGnMHk3MQ=="
  "resolved" "https://registry.npmjs.org/delayed-stream/-/delayed-stream-1.0.0.tgz"
  "version" "1.0.0"

"discontinuous-range@1.0.0":
  "integrity" "sha512-c68LpLbO+7kP/b1Hr1qs8/BJ09F5khZGTxqxZuhzxpmwJKOgRFHJWIb9/KmqnqHhLdO55aOxFH/EGBvUQbL/RQ=="
  "resolved" "https://registry.npmjs.org/discontinuous-range/-/discontinuous-range-1.0.0.tgz"
  "version" "1.0.0"

"discord-api-types@^0.33.5":
  "integrity" "sha512-dvO5M52v7m7Dy96+XUnzXNsQ/0npsYpU6dL205kAtEDueswoz3aU3bh1UMoK4cQmcGtB1YRyLKqp+DXi05lzFg=="
  "resolved" "https://registry.npmjs.org/discord-api-types/-/discord-api-types-0.33.5.tgz"
  "version" "0.33.5"

"discord-api-types@^0.36.2":
  "integrity" "sha512-bz/NDyG0KBo/tY14vSkrwQ/n3HKPf87a0WFW/1M9+tXYK+vp5Z5EksawfCWo2zkAc6o7CClc0eff1Pjrqznlwg=="
  "resolved" "https://registry.npmjs.org/discord-api-types/-/discord-api-types-0.36.3.tgz"
  "version" "0.36.3"

"discord.js@^13.11.0":
  "integrity" "sha512-/vA6oQtKilFlwVZSIFipPeWg5kU6gjUOffuaYWtDDJwIXKqiThNdymLkmQhnf8Ztlt+3vKsoqXENrgpQdaNCVQ=="
  "resolved" "https://registry.npmjs.org/discord.js/-/discord.js-13.11.0.tgz"
  "version" "13.11.0"
  dependencies:
    "@discordjs/builders" "^0.16.0"
    "@discordjs/collection" "^0.7.0"
    "@sapphire/async-queue" "^1.5.0"
    "@types/node-fetch" "^2.6.2"
    "@types/ws" "^8.5.3"
    "discord-api-types" "^0.33.5"
    "form-data" "^4.0.0"
    "node-fetch" "^2.6.7"
    "ws" "^8.8.1"

"ecdsa-sig-formatter@1.0.11":
  "integrity" "sha512-nagl3RYrbNv6kQkeJIpt6NJZy8twLB/2vtz6yN9Z4vRKHN4/QZJIEbqohALSgwKdnksuY3k5Addp5lg8sVoVcQ=="
  "resolved" "https://registry.npmjs.org/ecdsa-sig-formatter/-/ecdsa-sig-formatter-1.0.11.tgz"
  "version" "1.0.11"
  dependencies:
    "safe-buffer" "^5.0.1"

"endian-toggle@^0.0.0":
  "integrity" "sha512-ShfqhXeHRE4TmggSlHXG8CMGIcsOsqDw/GcoPcosToE59Rm9e4aXaMhEQf2kPBsBRrKem1bbOAv5gOKnkliMFQ=="
  "resolved" "https://registry.npmjs.org/endian-toggle/-/endian-toggle-0.0.0.tgz"
  "version" "0.0.0"

"event-target-shim@^5.0.0":
  "integrity" "sha512-i/2XbnSz/uxRCU6+NdVJgKWDTM427+MqYbkQzD321DuCQJUqOuJKIA0IM2+W2xtYHdKOmZ4dR6fExsd4SXL+WQ=="
  "resolved" "https://registry.npmjs.org/event-target-shim/-/event-target-shim-5.0.1.tgz"
  "version" "5.0.1"

"fast-deep-equal@^3.1.1", "fast-deep-equal@^3.1.3":
  "integrity" "sha512-f3qQ9oQy9j2AhBe/H9VC91wLmKBCCU/gDOnKNAYG5hswO7BLKj09Hc5HYNz9cGI++xlpDCIgDaitVs03ATR84Q=="
  "resolved" "https://registry.npmjs.org/fast-deep-equal/-/fast-deep-equal-3.1.3.tgz"
  "version" "3.1.3"

"fast-json-stable-stringify@^2.0.0":
  "integrity" "sha512-lhd/wF+Lk98HZoTCtlVraHtfh5XYijIjalXck7saUtuanSDyLMxnHhSXEDJqHxD7msR8D0uCmqlkwjCV8xvwHw=="
  "resolved" "https://registry.npmjs.org/fast-json-stable-stringify/-/fast-json-stable-stringify-2.1.0.tgz"
  "version" "2.1.0"

"fill-range@^7.0.1":
  "integrity" "sha512-qOo9F+dMUmC2Lcb4BbVvnKJxTPjCm+RRpe4gDuGrzkL7mEVl/djYSu2OdQ2Pa302N4oqkSg9ir6jaLWJ2USVpQ=="
  "resolved" "https://registry.npmjs.org/fill-range/-/fill-range-7.0.1.tgz"
  "version" "7.0.1"
  dependencies:
    "to-regex-range" "^5.0.1"

"follow-redirects@^1.14.0":
  "integrity" "sha512-VQLG33o04KaQ8uYi2tVNbdrWp1QWxNNea+nmIB4EVM28v0hmP17z7aG1+wAkNzVq4KeXTq3221ye5qTJP91JwA=="
  "resolved" "https://registry.npmjs.org/follow-redirects/-/follow-redirects-1.15.2.tgz"
  "version" "1.15.2"

"form-data@^3.0.0":
  "integrity" "sha512-RHkBKtLWUVwd7SqRIvCZMEvAMoGUp0XU+seQiZejj0COz3RI3hWP4sCv3gZWWLjJTd7rGwcsF5eKZGii0r/hbg=="
  "resolved" "https://registry.npmjs.org/form-data/-/form-data-3.0.1.tgz"
  "version" "3.0.1"
  dependencies:
    "asynckit" "^0.4.0"
    "combined-stream" "^1.0.8"
    "mime-types" "^2.1.12"

"form-data@^4.0.0":
  "integrity" "sha512-ETEklSGi5t0QMZuiXoA/Q6vcnxcLQP5vdugSpuAyi6SVGi2clPPp+xgEhuMaHC+zGgn31Kd235W35f7Hykkaww=="
  "resolved" "https://registry.npmjs.org/form-data/-/form-data-4.0.0.tgz"
  "version" "4.0.0"
  dependencies:
    "asynckit" "^0.4.0"
    "combined-stream" "^1.0.8"
    "mime-types" "^2.1.12"

"glob-parent@~5.1.2":
  "integrity" "sha512-AOIgSQCepiJYwP3ARnGx+5VnTu2HBYdzbGP45eLw1vr3zB3vZLeyed1sC9hnbcOc9/SrMyM5RPQrkGz4aS9Zow=="
  "resolved" "https://registry.npmjs.org/glob-parent/-/glob-parent-5.1.2.tgz"
  "version" "5.1.2"
  dependencies:
    "is-glob" "^4.0.1"

"has-flag@^3.0.0":
  "integrity" "sha512-sKJf1+ceQBr4SMkvQnBDNDtf4TXpVhVGateu0t918bl30FnbE2m4vNLX+VWe/dpjlb+HugGYzW7uQXH98HPEYw=="
  "resolved" "https://registry.npmjs.org/has-flag/-/has-flag-3.0.0.tgz"
  "version" "3.0.0"

"ignore-by-default@^1.0.1":
  "integrity" "sha512-Ius2VYcGNk7T90CppJqcIkS5ooHUZyIQK+ClZfMfMNFEF9VSE73Fq+906u/CWu92x4gzZMWOwfFYckPObzdEbA=="
  "resolved" "https://registry.npmjs.org/ignore-by-default/-/ignore-by-default-1.0.1.tgz"
  "version" "1.0.1"

"inherits@^2.0.3":
  "integrity" "sha512-k/vGaX4/Yla3WzyMCvTQOXYeIHvqOKtnqBduzTHpzpQZzAskKMhZ2K+EnBiSM9zGSoIFeMpXKxa4dYeZIQqewQ=="
  "resolved" "https://registry.npmjs.org/inherits/-/inherits-2.0.4.tgz"
  "version" "2.0.4"

"is-binary-path@~2.1.0":
  "integrity" "sha512-ZMERYes6pDydyuGidse7OsHxtbI7WVeUEozgR/g7rd0xUimYNlvZRE/K2MgZTjWy725IfelLeVcEM97mmtRGXw=="
  "resolved" "https://registry.npmjs.org/is-binary-path/-/is-binary-path-2.1.0.tgz"
  "version" "2.1.0"
  dependencies:
    "binary-extensions" "^2.0.0"

"is-extglob@^2.1.1":
  "integrity" "sha512-SbKbANkN603Vi4jEZv49LeVJMn4yGwsbzZworEoyEiutsN3nJYdbO36zfhGJ6QEDpOZIFkDtnq5JRxmvl3jsoQ=="
  "resolved" "https://registry.npmjs.org/is-extglob/-/is-extglob-2.1.1.tgz"
  "version" "2.1.1"

"is-glob@^4.0.1", "is-glob@~4.0.1":
  "integrity" "sha512-xelSayHH36ZgE7ZWhli7pW34hNbNl8Ojv5KVmkJD4hBdD3th8Tfk9vYasLM+mXWOZhFkgZfxhLSnrwRr4elSSg=="
  "resolved" "https://registry.npmjs.org/is-glob/-/is-glob-4.0.3.tgz"
  "version" "4.0.3"
  dependencies:
    "is-extglob" "^2.1.1"

"is-number@^7.0.0":
  "integrity" "sha512-41Cifkg6e8TylSpdtTpeLVMqvSBEVzTttHvERD741+pnZ8ANv0004MRL43QKPDlK9cGvNp6NZWZUBlbGXYxxng=="
  "resolved" "https://registry.npmjs.org/is-number/-/is-number-7.0.0.tgz"
  "version" "7.0.0"

"jose@^4.1.4":
  "integrity" "sha512-f8E/z+T3Q0kA9txzH2DKvH/ds2uggcw0m3vVPSB9HrSkrQ7mojjifvS7aR8cw+lQl2Fcmx9npwaHpM/M3GD8UQ=="
  "resolved" "https://registry.npmjs.org/jose/-/jose-4.9.3.tgz"
  "version" "4.9.3"

"json-schema-traverse@^0.4.1":
  "integrity" "sha512-xbbCH5dCYU5T8LcEhhuh7HJ88HXuW3qsI3Y0zOZFKfZEHcpWiHU/Jxzk629Brsab/mMiHQti9wMP+845RPe3Vg=="
  "resolved" "https://registry.npmjs.org/json-schema-traverse/-/json-schema-traverse-0.4.1.tgz"
  "version" "0.4.1"

"jsonwebtoken@^8.5.1":
  "integrity" "sha512-XjwVfRS6jTMsqYs0EsuJ4LGxXV14zQybNd4L2r0UvbVnSF9Af8x7p5MzbJ90Ioz/9TI41/hTCvznF/loiSzn8w=="
  "resolved" "https://registry.npmjs.org/jsonwebtoken/-/jsonwebtoken-8.5.1.tgz"
  "version" "8.5.1"
  dependencies:
    "jws" "^3.2.2"
    "lodash.includes" "^4.3.0"
    "lodash.isboolean" "^3.0.3"
    "lodash.isinteger" "^4.0.4"
    "lodash.isnumber" "^3.0.3"
    "lodash.isplainobject" "^4.0.6"
    "lodash.isstring" "^4.0.1"
    "lodash.once" "^4.0.0"
    "ms" "^2.1.1"
    "semver" "^5.6.0"

"jwa@^1.4.1":
  "integrity" "sha512-qiLX/xhEEFKUAJ6FiBMbes3w9ATzyk5W7Hvzpa/SLYdxNtng+gcurvrI7TbACjIXlsJyr05/S1oUhZrc63evQA=="
  "resolved" "https://registry.npmjs.org/jwa/-/jwa-1.4.1.tgz"
  "version" "1.4.1"
  dependencies:
    "buffer-equal-constant-time" "1.0.1"
    "ecdsa-sig-formatter" "1.0.11"
    "safe-buffer" "^5.0.1"

"jws@^3.2.2":
  "integrity" "sha512-YHlZCB6lMTllWDtSPHz/ZXTsi8S00usEV6v1tjq8tOUZzw7DpSDWVXjXDre6ed1w/pd495ODpHZYSdkRTsa0HA=="
  "resolved" "https://registry.npmjs.org/jws/-/jws-3.2.2.tgz"
  "version" "3.2.2"
  dependencies:
    "jwa" "^1.4.1"
    "safe-buffer" "^5.0.1"

"lodash.get@^4.1.2", "lodash.get@^4.4.2":
  "integrity" "sha512-z+Uw/vLuy6gQe8cfaFWD7p0wVv8fJl3mbzXh33RS+0oW2wvUqiRXiQ69gLWSLpgB5/6sU+r6BlQR0MBILadqTQ=="
  "resolved" "https://registry.npmjs.org/lodash.get/-/lodash.get-4.4.2.tgz"
  "version" "4.4.2"

"lodash.includes@^4.3.0":
  "integrity" "sha512-W3Bx6mdkRTGtlJISOvVD/lbqjTlPPUDTMnlXZFnVwi9NKJ6tiAk6LVdlhZMm17VZisqhKcgzpO5Wz91PCt5b0w=="
  "resolved" "https://registry.npmjs.org/lodash.includes/-/lodash.includes-4.3.0.tgz"
  "version" "4.3.0"

"lodash.isboolean@^3.0.3":
  "integrity" "sha512-Bz5mupy2SVbPHURB98VAcw+aHh4vRV5IPNhILUCsOzRmsTmSQ17jIuqopAentWoehktxGd9e/hbIXq980/1QJg=="
  "resolved" "https://registry.npmjs.org/lodash.isboolean/-/lodash.isboolean-3.0.3.tgz"
  "version" "3.0.3"

"lodash.isinteger@^4.0.4":
  "integrity" "sha512-DBwtEWN2caHQ9/imiNeEA5ys1JoRtRfY3d7V9wkqtbycnAmTvRRmbHKDV4a0EYc678/dia0jrte4tjYwVBaZUA=="
  "resolved" "https://registry.npmjs.org/lodash.isinteger/-/lodash.isinteger-4.0.4.tgz"
  "version" "4.0.4"

"lodash.isnumber@^3.0.3":
  "integrity" "sha512-QYqzpfwO3/CWf3XP+Z+tkQsfaLL/EnUlXWVkIk5FUPc4sBdTehEqZONuyRt2P67PXAk+NXmTBcc97zw9t1FQrw=="
  "resolved" "https://registry.npmjs.org/lodash.isnumber/-/lodash.isnumber-3.0.3.tgz"
  "version" "3.0.3"

"lodash.isplainobject@^4.0.6":
  "integrity" "sha512-oSXzaWypCMHkPC3NvBEaPHf0KsA5mvPrOPgQWDsbg8n7orZ290M0BmC/jgRZ4vcJ6DTAhjrsSYgdsW/F+MFOBA=="
  "resolved" "https://registry.npmjs.org/lodash.isplainobject/-/lodash.isplainobject-4.0.6.tgz"
  "version" "4.0.6"

"lodash.isstring@^4.0.1":
  "integrity" "sha512-0wJxfxH1wgO3GrbuP+dTTk7op+6L41QCXbGINEmD+ny/G/eCqGzxyCsh7159S+mgDDcoarnBw6PC1PS5+wUGgw=="
  "resolved" "https://registry.npmjs.org/lodash.isstring/-/lodash.isstring-4.0.1.tgz"
  "version" "4.0.1"

"lodash.merge@^4.3.0":
  "integrity" "sha512-0KpjqXRVvrYyCsX1swR/XTK0va6VQkQM6MNo7PqW77ByjAhoARA8EfrP1N4+KlKj8YS0ZUCtRT/YUuhyYDujIQ=="
  "resolved" "https://registry.npmjs.org/lodash.merge/-/lodash.merge-4.6.2.tgz"
  "version" "4.6.2"

"lodash.once@^4.0.0":
  "integrity" "sha512-Sb487aTOCr9drQVL8pIxOzVhafOjZN9UU54hiN8PU3uAiSV7lx1yYNpbNmex2PK6dSJoNTSJUUswT651yww3Mg=="
  "resolved" "https://registry.npmjs.org/lodash.once/-/lodash.once-4.1.1.tgz"
  "version" "4.1.1"

"lodash.reduce@^4.6.0":
  "integrity" "sha512-6raRe2vxCYBhpBu+B+TtNGUzah+hQjVdu3E17wfusjyrXBka2nBS8OH/gjVZ5PvHOhWmIZTYri09Z6n/QfnNMw=="
  "resolved" "https://registry.npmjs.org/lodash.reduce/-/lodash.reduce-4.6.0.tgz"
  "version" "4.6.0"

"lodash.uniqwith@^4.5.0":
  "integrity" "sha512-7lYL8bLopMoy4CTICbxygAUq6CdRJ36vFc80DucPueUee+d5NBRxz3FdT9Pes/HEx5mPoT9jwnsEJWz1N7uq7Q=="
  "resolved" "https://registry.npmjs.org/lodash.uniqwith/-/lodash.uniqwith-4.5.0.tgz"
  "version" "4.5.0"

"macaddress@^0.5.1":
  "integrity" "sha512-vGBKTA+jwM4KgjGZ+S/8/Mkj9rWzePyGY6jManXPGhiWu63RYwW8dKPyk5koP+8qNVhPhHgFa1y/MJ4wrjsNrg=="
  "resolved" "https://registry.npmjs.org/macaddress/-/macaddress-0.5.3.tgz"
  "version" "0.5.3"

"mime-db@1.52.0":
  "integrity" "sha512-sPU4uV7dYlvtWJxwwxHD0PuihVNiE7TyAbQ5SWxDCB9mUYvOgroQOwYQQOKPJ8CIbE+1ETVlOoK1UC2nU3gYvg=="
  "resolved" "https://registry.npmjs.org/mime-db/-/mime-db-1.52.0.tgz"
  "version" "1.52.0"

"mime-types@^2.1.12":
  "integrity" "sha512-ZDY+bPm5zTTF+YpCrAU9nK0UgICYPT0QtT1NZWFv4s++TNkcgVaT0g6+4R2uI4MjQjzysHB1zxuWL50hzaeXiw=="
  "resolved" "https://registry.npmjs.org/mime-types/-/mime-types-2.1.35.tgz"
  "version" "2.1.35"
  dependencies:
    "mime-db" "1.52.0"

"minecraft-data@^2.65.0":
  "integrity" "sha512-0AhqzbIKb6WqPSF6qBevaPryeWOz545hLxt6q+gfJF8YIQX/YfkyX/nXWhl+pSIS2rTBcQ0RJkRCtTeRzQwHDA=="
  "resolved" "https://registry.npmjs.org/minecraft-data/-/minecraft-data-2.221.0.tgz"
  "version" "2.221.0"

"minecraft-data@^2.93.0":
  "integrity" "sha512-0AhqzbIKb6WqPSF6qBevaPryeWOz545hLxt6q+gfJF8YIQX/YfkyX/nXWhl+pSIS2rTBcQ0RJkRCtTeRzQwHDA=="
  "resolved" "https://registry.npmjs.org/minecraft-data/-/minecraft-data-2.221.0.tgz"
  "version" "2.221.0"

"minecraft-data@^3.0.0", "minecraft-data@^3.12.0", "minecraft-data@^3.5.1", "minecraft-data@^3.8.0":
  "integrity" "sha512-CnWgzbBMciO0DLjSGazOom14v50AWhTmc2yCaEExdbsEUrky8kH9r6852vtfRZLesbx5sX03CyAmZ0MNGVvRLg=="
  "resolved" "https://registry.npmjs.org/minecraft-data/-/minecraft-data-3.12.0.tgz"
  "version" "3.12.0"

"minecraft-folder-path@^1.2.0":
  "integrity" "sha512-qaUSbKWoOsH9brn0JQuBhxNAzTDMwrOXorwuRxdJKKKDYvZhtml+6GVCUrY5HRiEsieBEjCUnhVpDuQiKsiFaw=="
  "resolved" "https://registry.npmjs.org/minecraft-folder-path/-/minecraft-folder-path-1.2.0.tgz"
  "version" "1.2.0"

"minecraft-protocol@^1.31.0":
  "integrity" "sha512-ITJiWD8qdC+HtqBFw/OuTef53tQQIh3u9lcTjc9aC20ci14Y1mtrAd+PmaVF2k5RknHlPmlY40qiNualhzN54g=="
  "resolved" "https://registry.npmjs.org/minecraft-protocol/-/minecraft-protocol-1.36.1.tgz"
  "version" "1.36.1"
  dependencies:
    "@types/readable-stream" "^2.3.13"
    "aes-js" "^3.1.2"
    "buffer-equal" "^1.0.0"
    "debug" "^4.3.2"
    "endian-toggle" "^0.0.0"
    "lodash.get" "^4.1.2"
    "lodash.merge" "^4.3.0"
    "minecraft-data" "^3.8.0"
    "minecraft-folder-path" "^1.2.0"
    "node-fetch" "^2.6.1"
    "node-rsa" "^0.4.2"
    "prismarine-auth" "^1.7.0"
    "prismarine-nbt" "^2.0.0"
    "protodef" "^1.8.0"
    "readable-stream" "^4.1.0"
    "uuid-1345" "^1.0.1"
    "yggdrasil" "^1.4.0"

"mineflayer-armor-manager@^1.4.2":
  "integrity" "sha512-qVBS6wSgDuVppPYgdGK3NmQBtnciMI96JirDCGwtGN9cGFACIBHYIvumQ3boeK1Zj0/3u3ojzZFFWSgOK3Jwkg=="
  "resolved" "https://registry.npmjs.org/mineflayer-armor-manager/-/mineflayer-armor-manager-1.4.2.tgz"
  "version" "1.4.2"
  dependencies:
    "minecraft-data" "^2.65.0"
    "rambda" "^6.5.3"

"mineflayer-auto-auth@^2.0.0":
  "integrity" "sha512-HMfuLif7SjSAsm2W3tFTW4TDvqDHJCDsJd9mIB/PyKWTgbjLOcs3BFXEfzsxXLob4nsyAc7CnqM9QwDuoBmppg=="
  "resolved" "https://registry.npmjs.org/mineflayer-auto-auth/-/mineflayer-auto-auth-2.0.0.tgz"
  "version" "2.0.0"

"mineflayer-auto-eat@^2.3.3":
  "integrity" "sha512-fy0Jjd9dcnjkcucPcs2uN13wYF4KChEby11pO6Iq3SyRDqjHuKa7U/DKbo5MZaTmucBMRPE1+ETl3kWEI/FCjg=="
  "resolved" "https://registry.npmjs.org/mineflayer-auto-eat/-/mineflayer-auto-eat-2.3.3.tgz"
  "version" "2.3.3"
  dependencies:
    "minecraft-data" "^2.93.0"

"mineflayer-collectblock@^1.4.1":
  "integrity" "sha512-E5i5nxwx+FVIkJj5TFJpBQkxJ2pvCxN7Ubi2rB20ybPdRArmXr8kM6VwrLFvx0jhvR0z7+u4s5llwCCCMZ1weA=="
  "resolved" "https://registry.npmjs.org/mineflayer-collectblock/-/mineflayer-collectblock-1.4.1.tgz"
  "version" "1.4.1"
  dependencies:
    "mineflayer" "^4.0.0"
    "mineflayer-pathfinder" "^2.1.1"
    "mineflayer-tool" "^1.1.0"

"mineflayer-pathfinder@^2.1.1", "mineflayer-pathfinder@^2.3.3":
  "integrity" "sha512-00de9GhYMj8IB6EtohQ8aEdf53zx1nFocOZhe1V3cuy64BpLJgSOFla5qYVaSBCbO9x/07XqKx60jxKpUHD2dA=="
  "resolved" "https://registry.npmjs.org/mineflayer-pathfinder/-/mineflayer-pathfinder-2.3.3.tgz"
  "version" "2.3.3"
  dependencies:
    "minecraft-data" "^3.5.1"
    "prismarine-block" "^1.16.3"
    "prismarine-entity" "^2.1.1"
    "prismarine-item" "^1.11.5"
    "prismarine-nbt" "^2.2.1"
    "prismarine-physics" "^1.5.2"
    "vec3" "^0.1.7"

"mineflayer-tool@^1.1.0", "mineflayer-tool@^1.2.0":
  "integrity" "sha512-TRd7JOX4obJnzqzVi+4MLKmbeeCDjp9taerLKM8+AGpWfgtdbAguGmsr3BHu+TdXxOIT05veYecCv77S3KX6PA=="
  "resolved" "https://registry.npmjs.org/mineflayer-tool/-/mineflayer-tool-1.2.0.tgz"
  "version" "1.2.0"
  dependencies:
    "mineflayer" "^4.0.0"
    "mineflayer-pathfinder" "^2.1.1"
    "prismarine-nbt" "^2.0.0"

"mineflayer@^4.0.0", "mineflayer@^4.3.0", "mineflayer@^4.4.0":
  "integrity" "sha512-nKy1KQSb20zWGtwlvwCmduAT7PHTchoR5jFAf4c8PzsxMznVCg9UeDOXYY8DfROpm6Kqjsg7DcQDFnS2frDD6w=="
  "resolved" "https://registry.npmjs.org/mineflayer/-/mineflayer-4.4.0.tgz"
  "version" "4.4.0"
  dependencies:
    "minecraft-data" "^3.0.0"
    "minecraft-protocol" "^1.31.0"
    "prismarine-biome" "^1.1.1"
    "prismarine-block" "^1.13.1"
    "prismarine-chat" "^1.3.3"
    "prismarine-chunk" "^1.29.0"
    "prismarine-entity" "^2.0.0"
    "prismarine-item" "^1.11.5"
    "prismarine-nbt" "^2.0.0"
    "prismarine-physics" "^1.3.1"
    "prismarine-recipe" "^1.1.0"
    "prismarine-registry" "^1.0.0"
    "prismarine-windows" "^2.4.2"
    "prismarine-world" "^3.6.0"
    "protodef" "^1.14.0"
    "typed-emitter" "^1.0.0"
    "vec3" "^0.1.7"

"minimatch@^3.1.2":
  "integrity" "sha512-J7p63hRiAjw1NDEww1W7i37+ByIrOWO5XQQAzZ3VOcL0PNybwpfmV/N05zFAzwQ9USyEcX6t3UO+K5aqBQOIHw=="
  "resolved" "https://registry.npmjs.org/minimatch/-/minimatch-3.1.2.tgz"
  "version" "3.1.2"
  dependencies:
    "brace-expansion" "^1.1.7"

"mojangson@^2.0.1":
  "integrity" "sha512-iGPRE1Ez+W+42Dt4Ao91c9VVs+FmuRUlAFDef76xRX3mbZrTNuezDtFI0PbfYqheg/B0fSiq0Q0V1emZNt37cw=="
  "resolved" "https://registry.npmjs.org/mojangson/-/mojangson-2.0.2.tgz"
  "version" "2.0.2"
  dependencies:
    "nearley" "^2.19.5"

"moo@^0.5.0":
  "integrity" "sha512-I1mnb5xn4fO80BH9BLcF0yLypy2UKl+Cb01Fu0hJRkJjlCRtxZMWkTdAtDd5ZqCOxtCkhmRwyI57vWT+1iZ67w=="
  "resolved" "https://registry.npmjs.org/moo/-/moo-0.5.1.tgz"
  "version" "0.5.1"

"ms@^2.1.1", "ms@2.1.2":
  "integrity" "sha512-sGkPx+VjMtmA6MX27oA4FBFELFCZZ4S4XqeGOXCv68tT+jb3vk/RyaKWP0PTKyWtmLSM0b+adUTEvbs1PEaH2w=="
  "resolved" "https://registry.npmjs.org/ms/-/ms-2.1.2.tgz"
  "version" "2.1.2"

"nearley@^2.19.5":
  "integrity" "sha512-+Mc8UaAebFzgV+KpI5n7DasuuQCHA89dmwm7JXw3TV43ukfNQ9DnBH3Mdb2g/I4Fdxc26pwimBWvjIw0UAILSQ=="
  "resolved" "https://registry.npmjs.org/nearley/-/nearley-2.20.1.tgz"
  "version" "2.20.1"
  dependencies:
    "commander" "^2.19.0"
    "moo" "^0.5.0"
    "railroad-diagrams" "^1.0.0"
    "randexp" "0.4.6"

"node-fetch@^2.6.1", "node-fetch@^2.6.7":
  "integrity" "sha512-ZjMPFEfVx5j+y2yF35Kzx5sF7kDzxuDj6ziH4FFbOp87zKDZNx8yExJIb05OGF4Nlt9IHFIMBkRl41VdvcNdbQ=="
  "resolved" "https://registry.npmjs.org/node-fetch/-/node-fetch-2.6.7.tgz"
  "version" "2.6.7"
  dependencies:
    "whatwg-url" "^5.0.0"

"node-rsa@^0.4.2":
  "integrity" "sha512-Bvso6Zi9LY4otIZefYrscsUpo2mUpiAVIEmSZV2q41sP8tHZoert3Yu6zv4f/RXJqMNZQKCtnhDugIuCma23YA=="
  "resolved" "https://registry.npmjs.org/node-rsa/-/node-rsa-0.4.2.tgz"
  "version" "0.4.2"
  dependencies:
    "asn1" "0.2.3"

"nodemon@^2.0.20":
  "integrity" "sha512-Km2mWHKKY5GzRg6i1j5OxOHQtuvVsgskLfigG25yTtbyfRGn/GNvIbRyOf1PSCKJ2aT/58TiuUsuOU5UToVViw=="
  "resolved" "https://registry.npmjs.org/nodemon/-/nodemon-2.0.20.tgz"
  "version" "2.0.20"
  dependencies:
    "chokidar" "^3.5.2"
    "debug" "^3.2.7"
    "ignore-by-default" "^1.0.1"
    "minimatch" "^3.1.2"
    "pstree.remy" "^1.1.8"
    "semver" "^5.7.1"
    "simple-update-notifier" "^1.0.7"
    "supports-color" "^5.5.0"
    "touch" "^3.1.0"
    "undefsafe" "^2.0.5"

"nopt@~1.0.10":
  "integrity" "sha512-NWmpvLSqUrgrAC9HCuxEvb+PSloHpqVu+FqcO4eeF2h5qYRhA7ev6KvelyQAKtegUbC6RypJnlEOhd8vloNKYg=="
  "resolved" "https://registry.npmjs.org/nopt/-/nopt-1.0.10.tgz"
  "version" "1.0.10"
  dependencies:
    "abbrev" "1"

"normalize-path@^3.0.0", "normalize-path@~3.0.0":
  "integrity" "sha512-6eZs5Ls3WtCisHWp9S2GUy8dqkpGi4BVSz3GaqiE6ezub0512ESztXUwUB6C6IKbQkY2Pnb/mD4WYojCRwcwLA=="
  "resolved" "https://registry.npmjs.org/normalize-path/-/normalize-path-3.0.0.tgz"
  "version" "3.0.0"

"picomatch@^2.0.4", "picomatch@^2.2.1":
  "integrity" "sha512-JU3teHTNjmE2VCGFzuY8EXzCDVwEqB2a8fsIvwaStHhAWJEeVd1o1QD80CU6+ZdEXXSLbSsuLwJjkCBWqRQUVA=="
  "resolved" "https://registry.npmjs.org/picomatch/-/picomatch-2.3.1.tgz"
  "version" "2.3.1"

"prismarine-auth@^1.7.0":
  "integrity" "sha512-Feorw3LkKGDxafolD0f7KcuucOad8NceXEoIwYScxhOdld61CpKVh8aprA3IWnmd0Vj/KO+qK8VGpFSvdaaZzA=="
  "resolved" "https://registry.npmjs.org/prismarine-auth/-/prismarine-auth-1.7.0.tgz"
  "version" "1.7.0"
  dependencies:
    "@azure/msal-node" "^1.1.0"
    "@xboxreplay/xboxlive-auth" "^3.3.3"
    "debug" "^4.3.3"
    "jose" "^4.1.4"
    "node-fetch" "^2.6.1"
    "smart-buffer" "^4.1.0"
    "uuid-1345" "^1.0.2"

"prismarine-biome@^1.1.0", "prismarine-biome@^1.1.1", "prismarine-biome@^1.2.0":
  "integrity" "sha512-GY6nZxq93mTErT7jD7jt8YS1aPrOakbJHh39seYsJFXvueIOdHAmW16kYQVrTVMW5MlWLQVxV/EquRwOgr4MnQ=="
  "resolved" "https://registry.npmjs.org/prismarine-biome/-/prismarine-biome-1.3.0.tgz"
  "version" "1.3.0"

"prismarine-block@^1.13.1", "prismarine-block@^1.14.1", "prismarine-block@^1.16.3":
  "integrity" "sha512-E9OazjIqnEgcXM6me6EIeQFMcNRWZzsaftWtetRSIKVoW+4UKWleb6lTNKh9kq7wNxciKavcYBmKL3sF7HfSaA=="
  "resolved" "https://registry.npmjs.org/prismarine-block/-/prismarine-block-1.16.3.tgz"
  "version" "1.16.3"
  dependencies:
    "minecraft-data" "^3.0.0"
    "prismarine-biome" "^1.1.0"
    "prismarine-chat" "^1.5.0"
    "prismarine-item" "^1.10.1"
    "prismarine-nbt" "^2.0.0"
    "prismarine-registry" "^1.1.0"

"prismarine-chat@^1.3.3", "prismarine-chat@^1.4.1", "prismarine-chat@^1.5.0":
  "integrity" "sha512-BvDR6Jzz9aoSKa7L5peOPzEp0MyrEj+N5nRaBT2VBpPtGXx+jQCxqAK7XDWF65Z5iRhjubfGdZZf65ayWG3oDA=="
  "resolved" "https://registry.npmjs.org/prismarine-chat/-/prismarine-chat-1.6.1.tgz"
  "version" "1.6.1"
  dependencies:
    "minecraft-data" "^3.0.0"
    "mojangson" "^2.0.1"
    "prismarine-item" "^1.10.0"
    "prismarine-nbt" "^2.0.0"
    "sprintf-js" "^1.1.2"

"prismarine-chunk@^1.29.0":
  "integrity" "sha512-2Abh7M93BPbqRZEclmjIHC2RcETWN2/0zYsbPc5SgWXqe7u34kQaB2lv3YUS1xZ3vg9kdtR8mzElk8i84eX7PA=="
  "resolved" "https://registry.npmjs.org/prismarine-chunk/-/prismarine-chunk-1.32.0.tgz"
  "version" "1.32.0"
  dependencies:
    "minecraft-data" "^3.0.0"
    "prismarine-biome" "^1.2.0"
    "prismarine-block" "^1.14.1"
    "prismarine-registry" "^1.1.0"
    "smart-buffer" "^4.1.0"
    "uint4" "^0.1.2"
    "vec3" "^0.1.3"
    "xxhash-wasm" "^0.4.2"

"prismarine-entity@^2.0.0", "prismarine-entity@^2.1.1":
  "integrity" "sha512-79iWUYNf0KRhMvvVJ4TTCQQZItPanA5zWBstx+eu98480WrCWi9fCdCPtY0Bsl4+o+tnkcTb6oMLlndx4yPwLA=="
  "resolved" "https://registry.npmjs.org/prismarine-entity/-/prismarine-entity-2.1.1.tgz"
  "version" "2.1.1"
  dependencies:
    "minecraft-data" "^3.0.0"
    "prismarine-chat" "^1.4.1"
    "prismarine-item" "^1.11.2"
    "vec3" "^0.1.4"

"prismarine-item@^1.10.0", "prismarine-item@^1.10.1", "prismarine-item@^1.11.2", "prismarine-item@^1.11.5", "prismarine-item@^1.5.0":
  "integrity" "sha512-aWH1AXTiSDUUM0LVnFtJJ96If/sOiuM3DBZmSvtwFD+ufQsF3WndH2QW2Pv6FbabKByneF9xyPsq5dhUnvcG7g=="
  "resolved" "https://registry.npmjs.org/prismarine-item/-/prismarine-item-1.11.5.tgz"
  "version" "1.11.5"
  dependencies:
    "minecraft-data" "^3.0.0"
    "prismarine-nbt" "^2.0.0"

"prismarine-nbt@^2.0.0", "prismarine-nbt@^2.2.1":
  "integrity" "sha512-Mb50c58CPnuZ+qvM31DBa08tf9UumlTq1LkvpMoUpKfCuN05GZHTqCUwER3lxTSHLL0GZKghIPbYR/JQkINijQ=="
  "resolved" "https://registry.npmjs.org/prismarine-nbt/-/prismarine-nbt-2.2.1.tgz"
  "version" "2.2.1"
  dependencies:
    "protodef" "^1.9.0"

"prismarine-physics@^1.3.1", "prismarine-physics@^1.5.2":
  "integrity" "sha512-Ak1yM/Fv9qxIt8Lgp/pHYS0v5P1bkZLq27Cb35Z/0YMCEUk0zXGfJOg0R666EQJOnAA1ABNZlRjglL9ZBMnWqg=="
  "resolved" "https://registry.npmjs.org/prismarine-physics/-/prismarine-physics-1.5.2.tgz"
  "version" "1.5.2"
  dependencies:
    "minecraft-data" "^3.0.0"
    "prismarine-nbt" "^2.0.0"
    "vec3" "^0.1.7"

"prismarine-recipe@^1.1.0":
  "integrity" "sha512-ZkCtEi5xDS7tAJgDS/BxjvEYPAXusikcyIWYhPOpA6nslIUqWF5+QevC6FpNa3eQVdebgiNBQqHggcnI4xww5g=="
  "resolved" "https://registry.npmjs.org/prismarine-recipe/-/prismarine-recipe-1.2.0.tgz"
  "version" "1.2.0"

"prismarine-registry@^1.0.0", "prismarine-registry@^1.1.0":
  "integrity" "sha512-tW/TMzok3/43klbp2w62zfzrjGQTX1K0UGbq743kwEGPULXvCKfalpweEflGDW28IgsWEyY6hUTV80lhzIUbAA=="
  "resolved" "https://registry.npmjs.org/prismarine-registry/-/prismarine-registry-1.3.0.tgz"
  "version" "1.3.0"
  dependencies:
    "minecraft-data" "^3.0.0"
    "prismarine-nbt" "^2.0.0"

"prismarine-windows@^2.4.2":
  "integrity" "sha512-bjva7DtEu9V37SGgCqMiAgMRtwTypqyB95bS8VULUxoMPNhbcyTxdQhU6Fe2OFq4ufT9x3hGMKpMwJy+oepE0A=="
  "resolved" "https://registry.npmjs.org/prismarine-windows/-/prismarine-windows-2.4.4.tgz"
  "version" "2.4.4"
  dependencies:
    "minecraft-data" "^3.0.0"
    "prismarine-item" "^1.5.0"

"prismarine-world@^3.6.0":
  "integrity" "sha512-sv7rR+vJ/ac3/dm4MoumreL4eqMi3B+h8I+JDYXQkNCdSJJISniQvi5qS4zTnAUCGXx/N6QfQ02bjBfyEoZuRw=="
  "resolved" "https://registry.npmjs.org/prismarine-world/-/prismarine-world-3.6.1.tgz"
  "version" "3.6.1"
  dependencies:
    "vec3" "^0.1.7"

"protodef-validator@^1.3.0":
  "integrity" "sha512-lZ5FWKZYR9xOjpMw1+EfZRfCjzNRQWPq+Dk+jki47Sikl2EeWEPnTfnJERwnU/EwFq6us+0zqHHzSsmLeYX+Lg=="
  "resolved" "https://registry.npmjs.org/protodef-validator/-/protodef-validator-1.3.1.tgz"
  "version" "1.3.1"
  dependencies:
    "ajv" "^6.5.4"

"protodef@^1.14.0", "protodef@^1.8.0", "protodef@^1.9.0":
  "integrity" "sha512-bZ2Omw8dT+DACjJHLrBWZlqN4MlT9g9oSpJDdkUAJOStUzgJp+Zn42FJfPUdwutUxjaxA0PftN0PDlNa2XbneA=="
  "resolved" "https://registry.npmjs.org/protodef/-/protodef-1.15.0.tgz"
  "version" "1.15.0"
  dependencies:
    "lodash.get" "^4.4.2"
    "lodash.reduce" "^4.6.0"
    "protodef-validator" "^1.3.0"
    "readable-stream" "^3.0.3"

"pstree.remy@^1.1.8":
  "integrity" "sha512-77DZwxQmxKnu3aR542U+X8FypNzbfJ+C5XQDk3uWjWxn6151aIMGthWYRXTqT1E5oJvg+ljaa2OJi+VfvCOQ8w=="
  "resolved" "https://registry.npmjs.org/pstree.remy/-/pstree.remy-1.1.8.tgz"
  "version" "1.1.8"

"punycode@^2.1.0":
  "integrity" "sha512-XRsRjdf+j5ml+y/6GKHPZbrF/8p2Yga0JPtdqTIY2Xe5ohJPD9saDJJLPvp9+NSBprVvevdXZybnj2cv8OEd0A=="
  "resolved" "https://registry.npmjs.org/punycode/-/punycode-2.1.1.tgz"
  "version" "2.1.1"

"railroad-diagrams@^1.0.0":
  "integrity" "sha512-cz93DjNeLY0idrCNOH6PviZGRN9GJhsdm9hpn1YCS879fj4W+x5IFJhhkRZcwVgMmFF7R82UA/7Oh+R8lLZg6A=="
  "resolved" "https://registry.npmjs.org/railroad-diagrams/-/railroad-diagrams-1.0.0.tgz"
  "version" "1.0.0"

"rambda@^6.5.3":
  "integrity" "sha512-yosVdGg1hNGkXPzqGiOYNEpXKjEOxzUCg2rB0l+NKdyCaSf4z+i5ojbN0IqDSezMMf71YEglI+ZUTgTffn5afw=="
  "resolved" "https://registry.npmjs.org/rambda/-/rambda-6.9.0.tgz"
  "version" "6.9.0"

"randexp@0.4.6":
  "integrity" "sha512-80WNmd9DA0tmZrw9qQa62GPPWfuXJknrmVmLcxvq4uZBdYqb1wYoKTmnlGUchvVWe0XiLupYkBoXVOxz3C8DYQ=="
  "resolved" "https://registry.npmjs.org/randexp/-/randexp-0.4.6.tgz"
  "version" "0.4.6"
  dependencies:
    "discontinuous-range" "1.0.0"
    "ret" "~0.1.10"

"readable-stream@^3.0.3":
  "integrity" "sha512-BViHy7LKeTz4oNnkcLJ+lVSL6vpiFeX6/d3oSH8zCW7UxP2onchk+vTGB143xuFjHS3deTgkKoXXymXqymiIdA=="
  "resolved" "https://registry.npmjs.org/readable-stream/-/readable-stream-3.6.0.tgz"
  "version" "3.6.0"
  dependencies:
    "inherits" "^2.0.3"
    "string_decoder" "^1.1.1"
    "util-deprecate" "^1.0.1"

"readable-stream@^4.1.0":
  "integrity" "sha512-sVisi3+P2lJ2t0BPbpK629j8wRW06yKGJUcaLAGXPAUhyUxVJm7VsCTit1PFgT4JHUDMrGNR+ZjSKpzGaRF3zw=="
  "resolved" "https://registry.npmjs.org/readable-stream/-/readable-stream-4.1.0.tgz"
  "version" "4.1.0"
  dependencies:
    "abort-controller" "^3.0.0"

"readdirp@~3.6.0":
  "integrity" "sha512-hOS089on8RduqdbhvQ5Z37A0ESjsqz6qnRcffsMU3495FuTdqSm+7bhJ29JvIOsBDEEnan5DPu9t3To9VRlMzA=="
  "resolved" "https://registry.npmjs.org/readdirp/-/readdirp-3.6.0.tgz"
  "version" "3.6.0"
  dependencies:
    "picomatch" "^2.2.1"

"ret@~0.1.10":
  "integrity" "sha512-TTlYpa+OL+vMMNG24xSlQGEJ3B/RzEfUlLct7b5G/ytav+wPrplCpVMFuwzXbkecJrb6IYo1iFb0S9v37754mg=="
  "resolved" "https://registry.npmjs.org/ret/-/ret-0.1.15.tgz"
  "version" "0.1.15"

"safe-buffer@*", "safe-buffer@^5.0.1", "safe-buffer@~5.2.0":
  "integrity" "sha512-rp3So07KcdmmKbGvgaNxQSJr7bGVSVk5S9Eq1F+ppbRo70+YeaDxkw5Dd8NPN+GD6bjnYm2VuPuCXmpuYvmCXQ=="
  "resolved" "https://registry.npmjs.org/safe-buffer/-/safe-buffer-5.2.1.tgz"
  "version" "5.2.1"

"semver@^5.6.0", "semver@^5.7.1":
  "integrity" "sha512-sauaDf/PZdVgrLTNYHRtpXa1iRiKcaebiKQ1BJdpQlWH2lCvexQdX55snPFyK7QzpudqbCI0qXFfOasHdyNDGQ=="
  "resolved" "https://registry.npmjs.org/semver/-/semver-5.7.1.tgz"
  "version" "5.7.1"

"semver@~7.0.0":
  "integrity" "sha512-+GB6zVA9LWh6zovYQLALHwv5rb2PHGlJi3lfiqIHxR0uuwCgefcOJc59v9fv1w8GbStwxuuqqAjI9NMAOOgq1A=="
  "resolved" "https://registry.npmjs.org/semver/-/semver-7.0.0.tgz"
  "version" "7.0.0"

"simple-update-notifier@^1.0.7":
  "integrity" "sha512-BBKgR84BJQJm6WjWFMHgLVuo61FBDSj1z/xSFUIozqO6wO7ii0JxCqlIud7Enr/+LhlbNI0whErq96P2qHNWew=="
  "resolved" "https://registry.npmjs.org/simple-update-notifier/-/simple-update-notifier-1.0.7.tgz"
  "version" "1.0.7"
  dependencies:
    "semver" "~7.0.0"

"smart-buffer@^4.1.0":
  "integrity" "sha512-94hK0Hh8rPqQl2xXc3HsaBoOXKV20MToPkcXvwbISWLEs+64sBq5kFgn2kJDHb1Pry9yrP0dxrCI9RRci7RXKg=="
  "resolved" "https://registry.npmjs.org/smart-buffer/-/smart-buffer-4.2.0.tgz"
  "version" "4.2.0"

"sprintf-js@^1.1.2":
  "integrity" "sha512-VE0SOVEHCk7Qc8ulkWw3ntAzXuqf7S2lvwQaDLRnUeIEaKNQJzV6BwmLKhOqT61aGhfUMrXeaBk+oDGCzvhcug=="
  "resolved" "https://registry.npmjs.org/sprintf-js/-/sprintf-js-1.1.2.tgz"
  "version" "1.1.2"

"string_decoder@^1.1.1":
  "integrity" "sha512-hkRX8U1WjJFd8LsDJ2yQ/wWWxaopEsABU1XfkM8A+j0+85JAGppt16cr1Whg6KIbb4okU6Mql6BOj+uup/wKeA=="
  "resolved" "https://registry.npmjs.org/string_decoder/-/string_decoder-1.3.0.tgz"
  "version" "1.3.0"
  dependencies:
    "safe-buffer" "~5.2.0"

"supports-color@^5.5.0":
  "integrity" "sha512-QjVjwdXIt408MIiAqCX4oUKsgU2EqAGzs2Ppkm4aQYbjm+ZEWEcW4SfFNTr4uMNZma0ey4f5lgLrkB0aX0QMow=="
  "resolved" "https://registry.npmjs.org/supports-color/-/supports-color-5.5.0.tgz"
  "version" "5.5.0"
  dependencies:
    "has-flag" "^3.0.0"

"to-regex-range@^5.0.1":
  "integrity" "sha512-65P7iz6X5yEr1cwcgvQxbbIw7Uk3gOy5dIdtZ4rDveLqhrdJP+Li/Hx6tyK0NEb+2GCyneCMJiGqrADCSNk8sQ=="
  "resolved" "https://registry.npmjs.org/to-regex-range/-/to-regex-range-5.0.1.tgz"
  "version" "5.0.1"
  dependencies:
    "is-number" "^7.0.0"

"touch@^3.1.0":
  "integrity" "sha512-WBx8Uy5TLtOSRtIq+M03/sKDrXCLHxwDcquSP2c43Le03/9serjQBIztjRz6FkJez9D/hleyAXTBGLwwZUw9lA=="
  "resolved" "https://registry.npmjs.org/touch/-/touch-3.1.0.tgz"
  "version" "3.1.0"
  dependencies:
    "nopt" "~1.0.10"

"tr46@~0.0.3":
  "integrity" "sha512-N3WMsuqV66lT30CrXNbEjx4GEwlow3v6rr4mCcv6prnfwhS01rkgyFdjPNBYd9br7LpXV1+Emh01fHnq2Gdgrw=="
  "resolved" "https://registry.npmjs.org/tr46/-/tr46-0.0.3.tgz"
  "version" "0.0.3"

"ts-mixer@^6.0.1":
  "integrity" "sha512-hvE+ZYXuINrx6Ei6D6hz+PTim0Uf++dYbK9FFifLNwQj+RwKquhQpn868yZsCtJYiclZF1u8l6WZxxKi+vv7Rg=="
  "resolved" "https://registry.npmjs.org/ts-mixer/-/ts-mixer-6.0.1.tgz"
  "version" "6.0.1"

"tslib@^2.4.0":
  "integrity" "sha512-d6xOpEDfsi2CZVlPQzGeux8XMwLT9hssAsaPYExaQMuYskwb+x1x7J371tWlbBdWHroy99KnVB6qIkUbs5X3UQ=="
  "resolved" "https://registry.npmjs.org/tslib/-/tslib-2.4.0.tgz"
  "version" "2.4.0"

"typed-emitter@^1.0.0":
  "integrity" "sha512-weBmoo3HhpKGgLBOYwe8EB31CzDFuaK7CCL+axXhUYhn4jo6DSkHnbefboCF5i4DQ2aMFe0C/FdTWcPdObgHyg=="
  "resolved" "https://registry.npmjs.org/typed-emitter/-/typed-emitter-1.4.0.tgz"
  "version" "1.4.0"

"uint4@^0.1.2":
  "integrity" "sha512-lhEx78gdTwFWG+mt6cWAZD/R6qrIj0TTBeH5xwyuDJyswLNlGe+KVlUPQ6+mx5Ld332pS0AMUTo9hIly7YsWxQ=="
  "resolved" "https://registry.npmjs.org/uint4/-/uint4-0.1.2.tgz"
  "version" "0.1.2"

"undefsafe@^2.0.5":
  "integrity" "sha512-WxONCrssBM8TSPRqN5EmsjVrsv4A8X12J4ArBiiayv3DyyG3ZlIg6yysuuSYdZsVz3TKcTg2fd//Ujd4CHV1iA=="
  "resolved" "https://registry.npmjs.org/undefsafe/-/undefsafe-2.0.5.tgz"
  "version" "2.0.5"

"uri-js@^4.2.2":
  "integrity" "sha512-7rKUyy33Q1yc98pQ1DAmLtwX109F7TIfWlW1Ydo8Wl1ii1SeHieeh0HHfPeL2fMXK6z0s8ecKs9frCuLJvndBg=="
  "resolved" "https://registry.npmjs.org/uri-js/-/uri-js-4.4.1.tgz"
  "version" "4.4.1"
  dependencies:
    "punycode" "^2.1.0"

"util-deprecate@^1.0.1":
  "integrity" "sha512-EPD5q1uXyFxJpCrLnCc1nHnq3gOa6DZBocAIiI2TaSCA7VCJ1UJDMagCzIkXNsUYfD1daK//LTEQ8xiIbrHtcw=="
  "resolved" "https://registry.npmjs.org/util-deprecate/-/util-deprecate-1.0.2.tgz"
  "version" "1.0.2"

"uuid-1345@^1.0.1", "uuid-1345@^1.0.2":
  "integrity" "sha512-bA5zYZui+3nwAc0s3VdGQGBfbVsJLVX7Np7ch2aqcEWFi5lsAEcmO3+lx3djM1npgpZI8KY2FITZ2uYTnYUYyw=="
  "resolved" "https://registry.npmjs.org/uuid-1345/-/uuid-1345-1.0.2.tgz"
  "version" "1.0.2"
  dependencies:
    "macaddress" "^0.5.1"

"uuid@^8.2.0", "uuid@^8.3.0":
  "integrity" "sha512-+NYs2QeMWy+GWFOEm9xnn6HCDp0l7QBD7ml8zLUmJ+93Q5NF0NocErnwkTkXVFNiX3/fpC6afS8Dhb/gz7R7eg=="
  "resolved" "https://registry.npmjs.org/uuid/-/uuid-8.3.2.tgz"
  "version" "8.3.2"

"vec3@^0.1.3", "vec3@^0.1.4", "vec3@^0.1.7":
  "integrity" "sha512-EZSeXBL+L3go2wWwtQQse4fEcNGIQjT14qvi4LYVj1ifZt/J5XZ1QZqkDuOVVH07YwTEIFbsAv3pzwUpF7x9Wg=="
  "resolved" "https://registry.npmjs.org/vec3/-/vec3-0.1.7.tgz"
  "version" "0.1.7"

"webidl-conversions@^3.0.0":
  "integrity" "sha512-2JAn3z8AR6rjK8Sm8orRC0h/bcl/DqL7tRPdGZ4I1CjdF+EaMLmYxBHyXuKL849eucPFhvBoxMsflfOb8kxaeQ=="
  "resolved" "https://registry.npmjs.org/webidl-conversions/-/webidl-conversions-3.0.1.tgz"
  "version" "3.0.1"

"whatwg-url@^5.0.0":
  "integrity" "sha512-saE57nupxk6v3HY35+jzBwYa0rKSy0XR8JSxZPwgLr7ys0IBzhGviA1/TUGJLmSVqs8pb9AnvICXEuOHLprYTw=="
  "resolved" "https://registry.npmjs.org/whatwg-url/-/whatwg-url-5.0.0.tgz"
  "version" "5.0.0"
  dependencies:
    "tr46" "~0.0.3"
    "webidl-conversions" "^3.0.0"

"ws@^8.8.1":
  "integrity" "sha512-bGy2JzvzkPowEJV++hF07hAD6niYSr0JzBNo/J29WsB57A2r7Wlc1UFcTR9IzrPvuNVO4B8LGqF8qcpsVOhJCA=="
  "resolved" "https://registry.npmjs.org/ws/-/ws-8.8.1.tgz"
  "version" "8.8.1"

"xxhash-wasm@^0.4.2":
  "integrity" "sha512-/eyHVRJQCirEkSZ1agRSCwriMhwlyUcFkXD5TPVSLP+IPzjsqMVzZwdoczLp1SoQU0R3dxz1RpIK+4YNQbCVOA=="
  "resolved" "https://registry.npmjs.org/xxhash-wasm/-/xxhash-wasm-0.4.2.tgz"
  "version" "0.4.2"

"yggdrasil@^1.4.0":
  "integrity" "sha512-QBIo5fiNd7688G3FqXXYGr36uyrYzczlNuzpWFy2zL3+R+3KT2lF+wFxm51synfA3l3z6IBiGOc1/EVXWCYY1Q=="
  "resolved" "https://registry.npmjs.org/yggdrasil/-/yggdrasil-1.7.0.tgz"
  "version" "1.7.0"
  dependencies:
    "node-fetch" "^2.6.1"
    "uuid" "^8.2.0"
